
Microsoft Visual Studio Solution File, Format Version 12.00
# Visual Studio 2013
VisualStudioVersion = 12.0.30501.0
MinimumVisualStudioVersion = 10.0.40219.1
Project("{FAE04EC0-301F-11D3-BF4B-00C04F79EFBC}") = "Streamup.Ingest", "Streamup.Ingest\Streamup.Ingest.csproj", "{335356C4-C7F8-4F1D-9BEA-46FCD9131878}"
EndProject
Project("{FAE04EC0-301F-11D3-BF4B-00C04F79EFBC}") = "Streamup.Events", "Streamup.Events\Streamup.Events.csproj", "{FBA2D9AA-B9BF-40F0-93DA-527003D1FBDB}"
EndProject
Project("{FAE04EC0-301F-11D3-BF4B-00C04F79EFBC}") = "Streamup.Push", "Streamup.Push\Streamup.Push.csproj", "{E2C0CDEF-DE0F-400C-A3FE-7316B04F0D0F}"
EndProject
Global
	GlobalSection(SolutionConfigurationPlatforms) = preSolution
		Debug|Any CPU = Debug|Any CPU
		Release|Any CPU = Release|Any CPU
	EndGlobalSection
	GlobalSection(ProjectConfigurationPlatforms) = postSolution
		{335356C4-C7F8-4F1D-9BEA-46FCD9131878}.Debug|Any CPU.ActiveCfg = Debug|Any CPU
		{335356C4-C7F8-4F1D-9BEA-46FCD9131878}.Debug|Any CPU.Build.0 = Debug|Any CPU
		{335356C4-C7F8-4F1D-9BEA-46FCD9131878}.Release|Any CPU.ActiveCfg = Release|Any CPU
		{335356C4-C7F8-4F1D-9BEA-46FCD9131878}.Release|Any CPU.Build.0 = Release|Any CPU
		{FBA2D9AA-B9BF-40F0-93DA-527003D1FBDB}.Debug|Any CPU.ActiveCfg = Debug|Any CPU
		{FBA2D9AA-B9BF-40F0-93DA-527003D1FBDB}.Debug|Any CPU.Build.0 = Debug|Any CPU
		{FBA2D9AA-B9BF-40F0-93DA-527003D1FBDB}.Release|Any CPU.ActiveCfg = Release|Any CPU
		{FBA2D9AA-B9BF-40F0-93DA-527003D1FBDB}.Release|Any CPU.Build.0 = Release|Any CPU
		{E2C0CDEF-DE0F-400C-A3FE-7316B04F0D0F}.Debug|Any CPU.ActiveCfg = Debug|Any CPU
		{E2C0CDEF-DE0F-400C-A3FE-7316B04F0D0F}.Debug|Any CPU.Build.0 = Debug|Any CPU
		{E2C0CDEF-DE0F-400C-A3FE-7316B04F0D0F}.Release|Any CPU.ActiveCfg = Release|Any CPU
		{E2C0CDEF-DE0F-400C-A3FE-7316B04F0D0F}.Release|Any CPU.Build.0 = Release|Any CPU
	EndGlobalSection
	GlobalSection(SolutionProperties) = preSolution
		HideSolutionNode = FALSE
	EndGlobalSection
EndGlobal
